// !$*UTF8*$!
{
	archiveVersion = 1;
	classes = {
	};
	objectVersion = 50;
	objects = {

/* Begin PBXBuildFile section */
		289CBC89239BEC4C00A90FFF /* AppDelegate.swift in Sources */ = {isa = PBXBuildFile; fileRef = 289CBC88239BEC4C00A90FFF /* AppDelegate.swift */; };
		289CBC8B239BEC4C00A90FFF /* SceneDelegate.swift in Sources */ = {isa = PBXBuildFile; fileRef = 289CBC8A239BEC4C00A90FFF /* SceneDelegate.swift */; };
		289CBC8D239BEC4C00A90FFF /* ViewController.swift in Sources */ = {isa = PBXBuildFile; fileRef = 289CBC8C239BEC4C00A90FFF /* ViewController.swift */; };
		289CBC90239BEC4C00A90FFF /* Main.storyboard in Resources */ = {isa = PBXBuildFile; fileRef = 289CBC8E239BEC4C00A90FFF /* Main.storyboard */; };
		289CBC92239BEC4E00A90FFF /* Assets.xcassets in Resources */ = {isa = PBXBuildFile; fileRef = 289CBC91239BEC4E00A90FFF /* Assets.xcassets */; };
		289CBC95239BEC4E00A90FFF /* LaunchScreen.storyboard in Resources */ = {isa = PBXBuildFile; fileRef = 289CBC93239BEC4E00A90FFF /* LaunchScreen.storyboard */; };
/* End PBXBuildFile section */

/* Begin PBXFileReference section */
		289CBC85239BEC4C00A90FFF /* DirectionsMapKitApp.app */ = {isa = PBXFileReference; explicitFileType = wrapper.application; includeInIndex = 0; path = DirectionsMapKitApp.app; sourceTree = BUILT_PRODUCTS_DIR; };
		289CBC88239BEC4C00A90FFF /* AppDelegate.swift */ = {isa = PBXFileReference; lastKnownFileType = sourcecode.swift; path = AppDelegate.swift; sourceTree = "<group>"; };
		289CBC8A239BEC4C00A90FFF /* SceneDelegate.swift */ = {isa = PBXFileReference; lastKnownFileType = sourcecode.swift; path = SceneDelegate.swift; sourceTree = "<group>"; };
		289CBC8C239BEC4C00A90FFF /* ViewController.swift */ = {isa = PBXFileReference; lastKnownFileType = sourcecode.swift; path = ViewController.swift; sourceTree = "<group>"; };
		289CBC8F239BEC4C00A90FFF /* Base */ = {isa = PBXFileReference; lastKnownFileType = file.storyboard; name = Base; path = Base.lproj/Main.storyboard; sourceTree = "<group>"; };
		289CBC91239BEC4E00A90FFF /* Assets.xcassets */ = {isa = PBXFileReference; lastKnownFileType = folder.assetcatalog; path = Assets.xcassets; sourceTree = "<group>"; };
		289CBC94239BEC4E00A90FFF /* Base */ = {isa = PBXFileReference; lastKnownFileType = file.storyboard; name = Base; path = Base.lproj/LaunchScreen.storyboard; sourceTree = "<group>"; };
		289CBC96239BEC4E00A90FFF /* Info.plist */ = {isa = PBXFileReference; lastKnownFileType = text.plist.xml; path = Info.plist; sourceTree = "<group>"; };
/* End PBXFileReference section */

/* Begin PBXFrameworksBuildPhase section */
		289CBC82239BEC4C00A90FFF /* Frameworks */ = {
			isa = PBXFrameworksBuildPhase;
			buildActionMask = 2147483647;
			files = (
			);
			runOnlyForDeploymentPostprocessing = 0;
		};
/* End PBXFrameworksBuildPhase section */

/* Begin PBXGroup section */
		289CBC7C239BEC4C00A90FFF = {
			isa = PBXGroup;
			children = (
				289CBC87239BEC4C00A90FFF /* DirectionsMapKitApp */,
				289CBC86239BEC4C00A90FFF /* Products */,
			);
			sourceTree = "<group>";
		};
		289CBC86239BEC4C00A90FFF /* Products */ = {
			isa = PBXGroup;
			children = (
				289CBC85239BEC4C00A90FFF /* DirectionsMapKitApp.app */,
			);
			name = Products;
			sourceTree = "<group>";
		};
		289CBC87239BEC4C00A90FFF /* DirectionsMapKitApp */ = {
			isa = PBXGroup;
			children = (
				289CBC88239BEC4C00A90FFF /* AppDelegate.swift */,
				289CBC8A239BEC4C00A90FFF /* SceneDelegate.swift */,
				289CBC8C239BEC4C00A90FFF /* ViewController.swift */,
				289CBC8E239BEC4C00A90FFF /* Main.storyboard */,
				289CBC91239BEC4E00A90FFF /* Assets.xcassets */,
				289CBC93239BEC4E00A90FFF /* LaunchScreen.storyboard */,
				289CBC96239BEC4E00A90FFF /* Info.plist */,
			);
			path = DirectionsMapKitApp;
			sourceTree = "<group>";
		};
/* End PBXGroup section */

/* Begin PBXNativeTarget section */
		289CBC84239BEC4C00A90FFF /* DirectionsMapKitApp */ = {
			isa = PBXNativeTarget;
			buildConfigurationList = 289CBC99239BEC4E00A90FFF /* Build configuration list for PBXNativeTarget "DirectionsMapKitApp" */;
			buildPhases = (
				289CBC81239BEC4C00A90FFF /* Sources */,
				289CBC82239BEC4C00A90FFF /* Frameworks */,
				289CBC83239BEC4C00A90FFF /* Resources */,
			);
			buildRules = (
			);
			dependencies = (
			);
			name = DirectionsMapKitApp;
			productName = DirectionsMapKitApp;
			productReference = 289CBC85239BEC4C00A90FFF /* DirectionsMapKitApp.app */;
			productType = "com.apple.product-type.application";
		};
/* End PBXNativeTarget section */

/* Begin PBXProject section */
		289CBC7D239BEC4C00A90FFF /* Project object */ = {
			isa = PBXProject;
			attributes = {
				LastSwiftUpdateCheck = 1120;
				LastUpgradeCheck = 1120;
				ORGANIZATIONNAME = "Jeff Linwood";
				TargetAttributes = {
					289CBC84239BEC4C00A90FFF = {
						CreatedOnToolsVersion = 11.2.1;
					};
				};
			};
			buildConfigurationList = 289CBC80239BEC4C00A90FFF /* Build configuration list for PBXProject "DirectionsMapKitApp" */;
			compatibilityVersion = "Xcode 9.3";
			developmentRegion = en;
			hasScannedForEncodings = 0;
			knownRegions = (
				en,
				Base,
			);
			mainGroup = 289CBC7C239BEC4C00A90FFF;
			productRefGroup = 289CBC86239BEC4C00A90FFF /* Products */;
			projectDirPath = "";
			projectRoot = "";
			targets = (
				289CBC84239BEC4C00A90FFF /* DirectionsMapKitApp */,
			);
		};
/* End PBXProject section */

/* Begin PBXResourcesBuildPhase section */
		289CBC83239BEC4C00A90FFF /* Resources */ = {
			isa = PBXResourcesBuildPhase;
			buildActionMask = 2147483647;
			files = (
				289CBC95239BEC4E00A90FFF /* LaunchScreen.storyboard in Resources */,
				289CBC92239BEC4E00A90FFF /* Assets.xcassets in Resources */,
				289CBC90239BEC4C00A90FFF /* Main.storyboard in Resources */,
			);
			runOnlyForDeploymentPostprocessing = 0;
		};
/* End PBXResourcesBuildPhase section */

/* Begin PBXSourcesBuildPhase section */
		289CBC81239BEC4C00A90FFF /* Sources */ = {
			isa = PBXSourcesBuildPhase;
			buildActionMask = 2147483647;
			files = (
				289CBC8D239BEC4C00A90FFF /* ViewController.swift in Sources */,
				289CBC89239BEC4C00A90FFF /* AppDelegate.swift in Sources */,
				289CBC8B239BEC4C00A90FFF /* SceneDelegate.swift in Sources */,
			);
			runOnlyForDeploymentPostprocessing = 0;
		};
/* End PBXSourcesBuildPhase section */

/* Begin PBXVariantGroup section */
		289CBC8E239BEC4C00A90FFF /* Main.storyboard */ = {
			isa = PBXVariantGroup;
			children = (
				289CBC8F239BEC4C00A90FFF /* Base */,
			);
			name = Main.storyboard;
			sourceTree = "<group>";
		};
		289CBC93239BEC4E00A90FFF /* LaunchScreen.storyboard */ = {
			isa = PBXVariantGroup;
			children = (
				289CBC94239BEC4E00A90FFF /* Base */,
			);
			name = LaunchScreen.storyboard;
			sourceTree = "<group>";
		};
/* End PBXVariantGroup section */

/* Begin XCBuildConfiguration section */
		289CBC97239BEC4E00A90FFF /* Debug */ = {
			isa = XCBuildConfiguration;
			buildSettings = {
				ALWAYS_SEARCH_USER_PATHS = NO;
				CLANG_ANALYZER_NONNULL = YES;
				CLANG_ANALYZER_NUMBER_OBJECT_CONVERSION = YES_AGGRESSIVE;
				CLANG_CXX_LANGUAGE_STANDARD = "gnu++14";
				CLANG_CXX_LIBRARY = "libc++";
				CLANG_ENABLE_MODULES = YES;
				CLANG_ENABLE_OBJC_ARC = YES;
				CLANG_ENABLE_OBJC_WEAK = YES;
				CLANG_WARN_BLOCK_CAPTURE_AUTORELEASING = YES;
				CLANG_WARN_BOOL_CONVERSION = YES;
				CLANG_WARN_COMMA = YES;
				CLANG_WARN_CONSTANT_CONVERSION = YES;
				CLANG_WARN_DEPRECATED_OBJC_IMPLEMENTATIONS = YES;
				CLANG_WARN_DIRECT_OBJC_ISA_USAGE = YES_ERROR;
				CLANG_WARN_DOCUMENTATION_COMMENTS = YES;
				CLANG_WARN_EMPTY_BODY = YES;
				CLANG_WARN_ENUM_CONVERSION = YES;
				CLANG_WARN_INFINITE_RECURSION = YES;
				CLANG_WARN_INT_CONVERSION = YES;
				CLANG_WARN_NON_LITERAL_NULL_CONVERSION = YES;
				CLANG_WARN_OBJC_IMPLICIT_RETAIN_SELF = YES;
				CLANG_WARN_OBJC_LITERAL_CONVERSION = YES;
				CLANG_WARN_OBJC_ROOT_CLASS = YES_ERROR;
				CLANG_WARN_RANGE_LOOP_ANALYSIS = YES;
				CLANG_WARN_STRICT_PROTOTYPES = YES;
				CLANG_WARN_SUSPICIOUS_MOVE = YES;
				CLANG_WARN_UNGUARDED_AVAILABILITY = YES_AGGRESSIVE;
				CLANG_WARN_UNREACHABLE_CODE = YES;
				CLANG_WARN__DUPLICATE_METHOD_MATCH = YES;
				COPY_PHASE_STRIP = NO;
				DEBUG_INFORMATION_FORMAT = dwarf;
				ENABLE_STRICT_OBJC_MSGSEND = YES;
				ENABLE_TESTABILITY = YES;
				GCC_C_LANGUAGE_STANDARD = gnu11;
				GCC_DYNAMIC_NO_PIC = NO;
				GCC_NO_COMMON_BLOCKS = YES;
				GCC_OPTIMIZATION_LEVEL = 0;
				GCC_PREPROCESSOR_DEFINITIONS = (
					"DEBUG=1",
					"$(inherited)",
				);
				GCC_WARN_64_TO_32_BIT_CONVERSION = YES;
				GCC_WARN_ABOUT_RETURN_TYPE = YES_ERROR;
				GCC_WARN_UNDECLARED_SELECTOR = YES;
				GCC_WARN_UNINITIALIZED_AUTOS = YES_AGGRESSIVE;
				GCC_WARN_UNUSED_FUNCTION = YES;
				GCC_WARN_UNUSED_VARIABLE = YES;
				IPHONEOS_DEPLOYMENT_TARGET = 13.2;
				MTL_ENABLE_DEBUG_INFO = INCLUDE_SOURCE;
				MTL_FAST_MATH = YES;
				ONLY_ACTIVE_ARCH = YES;
				SDKROOT = iphoneos;
				SWIFT_ACTIVE_COMPILATION_CONDITIONS = DEBUG;
				SWIFT_OPTIMIZATION_LEVEL = "-Onone";
			};
			name = Debug;
		};
		289CBC98239BEC4E00A90FFF /* Release */ = {
			isa = XCBuildConfiguration;
			buildSettings = {
				ALWAYS_SEARCH_USER_PATHS = NO;
				CLANG_ANALYZER_NONNULL = YES;
				CLANG_ANALYZER_NUMBER_OBJECT_CONVERSION = YES_AGGRESSIVE;
				CLANG_CXX_LANGUAGE_STANDARD = "gnu++14";
				CLANG_CXX_LIBRARY = "libc++";
				CLANG_ENABLE_MODULES = YES;
				CLANG_ENABLE_OBJC_ARC = YES;
				CLANG_ENABLE_OBJC_WEAK = YES;
				CLANG_WARN_BLOCK_CAPTURE_AUTORELEASING = YES;
				CLANG_WARN_BOOL_CONVERSION = YES;
				CLANG_WARN_COMMA = YES;
				CLANG_WARN_CONSTANT_CONVERSION = YES;
				CLANG_WARN_DEPRECATED_OBJC_IMPLEMENTATIONS = YES;
				CLANG_WARN_DIRECT_OBJC_ISA_USAGE = YES_ERROR;
				CLANG_WARN_DOCUMENTATION_COMMENTS = YES;
				CLANG_WARN_EMPTY_BODY = YES;
				CLANG_WARN_ENUM_CONVERSION = YES;
				CLANG_WARN_INFINITE_RECURSION = YES;
				CLANG_WARN_INT_CONVERSION = YES;
				CLANG_WARN_NON_LITERAL_NULL_CONVERSION = YES;
				CLANG_WARN_OBJC_IMPLICIT_RETAIN_SELF = YES;
				CLANG_WARN_OBJC_LITERAL_CONVERSION = YES;
				CLANG_WARN_OBJC_ROOT_CLASS = YES_ERROR;
				CLANG_WARN_RANGE_LOOP_ANALYSIS = YES;
				CLANG_WARN_STRICT_PROTOTYPES = YES;
				CLANG_WARN_SUSPICIOUS_MOVE = YES;
				CLANG_WARN_UNGUARDED_AVAILABILITY = YES_AGGRESSIVE;
				CLANG_WARN_UNREACHABLE_CODE = YES;
				CLANG_WARN__DUPLICATE_METHOD_MATCH = YES;
				COPY_PHASE_STRIP = NO;
				DEBUG_INFORMATION_FORMAT = "dwarf-with-dsym";
				ENABLE_NS_ASSERTIONS = NO;
				ENABLE_STRICT_OBJC_MSGSEND = YES;
				GCC_C_LANGUAGE_STANDARD = gnu11;
				GCC_NO_COMMON_BLOCKS = YES;
				GCC_WARN_64_TO_32_BIT_CONVERSION = YES;
				GCC_WARN_ABOUT_RETURN_TYPE = YES_ERROR;
				GCC_WARN_UNDECLARED_SELECTOR = YES;
				GCC_WARN_UNINITIALIZED_AUTOS = YES_AGGRESSIVE;
				GCC_WARN_UNUSED_FUNCTION = YES;
				GCC_WARN_UNUSED_VARIABLE = YES;
				IPHONEOS_DEPLOYMENT_TARGET = 13.2;
				MTL_ENABLE_DEBUG_INFO = NO;
				MTL_FAST_MATH = YES;
				SDKROOT = iphoneos;
				SWIFT_COMPILATION_MODE = wholemodule;
				SWIFT_OPTIMIZATION_LEVEL = "-O";
				VALIDATE_PRODUCT = YES;
			};
			name = Release;
		};
		289CBC9A239BEC4E00A90FFF /* Debug */ = {
			isa = XCBuildConfiguration;
			buildSettings = {
				ASSETCATALOG_COMPILER_APPICON_NAME = AppIcon;
				CODE_SIGN_STYLE = Automatic;
				DEVELOPMENT_TEAM = 4998HG8NQ5;
				INFOPLIST_FILE = DirectionsMapKitApp/Info.plist;
				LD_RUNPATH_SEARCH_PATHS = (
					"$(inherited)",
					"@executable_path/Frameworks",
				);
				PRODUCT_BUNDLE_IDENTIFIER = com.buildingmobileapps.DirectionsMapKitApp;
				PRODUCT_NAME = "$(TARGET_NAME)";
				SWIFT_VERSION = 5.0;
				TARGETED_DEVICE_FAMILY = "1,2";
			};
			name = Debug;
		};
		289CBC9B239BEC4E00A90FFF /* Release */ = {
			isa = XCBuildConfiguration;
			buildSettings = {
				ASSETCATALOG_COMPILER_APPICON_NAME = AppIcon;
				CODE_SIGN_STYLE = Automatic;
				DEVELOPMENT_TEAM = 4998HG8NQ5;
				INFOPLIST_FILE = DirectionsMapKitApp/Info.plist;
				LD_RUNPATH_SEARCH_PATHS = (
					"$(inherited)",
					"@executable_path/Frameworks",
				);
				PRODUCT_BUNDLE_IDENTIFIER = com.buildingmobileapps.DirectionsMapKitApp;
				PRODUCT_NAME = "$(TARGET_NAME)";
				SWIFT_VERSION = 5.0;
				TARGETED_DEVICE_FAMILY = "1,2";
			};
			name = Release;
		};
/* End XCBuildConfiguration section */

/* Begin XCConfigurationList section */
		289CBC80239BEC4C00A90FFF /* Build configuration list for PBXProject "DirectionsMapKitApp" */ = {
			isa = XCConfigurationList;
			buildConfigurations = (
				289CBC97239BEC4E00A90FFF /* Debug */,
				289CBC98239BEC4E00A90FFF /* Release */,
			);
			defaultConfigurationIsVisible = 0;
			defaultConfigurationName = Release;
		};
		289CBC99239BEC4E00A90FFF /* Build configuration list for PBXNativeTarget "DirectionsMapKitApp" */ = {
			isa = XCConfigurationList;
			buildConfigurations = (
				289CBC9A239BEC4E00A90FFF /* Debug */,
				289CBC9B239BEC4E00A90FFF /* Release */,
			);
			defaultConfigurationIsVisible = 0;
			defaultConfigurationName = Release;
		};
/* End XCConfigurationList section */
	};
	rootObject = 289CBC7D239BEC4C00A90FFF /* Project object */;
}
