PODS:
  - Mapbox-iOS-SDK (5.8.0):
    - MapboxMobileEvents (= 0.10.2)
  - MapboxMobileEvents (0.10.2)

DEPENDENCIES:
  - Mapbox-iOS-SDK (~> 5.8)

SPEC REPOS:
  trunk:
    - Mapbox-iOS-SDK
    - MapboxMobileEvents

SPEC CHECKSUMS:
  Mapbox-iOS-SDK: 02590a60fe300810c55432219a0caaa1338fbafb
  MapboxMobileEvents: 2bc0ca2eedb627b73cf403258dce2b2fa98074a6

PODFILE CHECKSUM: 50cf3d19ecf64acf341ae2de310e5f49621a6628

COCOAPODS: 1.8.4
